// !$*UTF8*$!
{
	archiveVersion = 1;
	classes = {
	};
	objectVersion = 77;
	objects = {

/* Begin PBXBuildFile section */
		EE0FD0E22D6082B6008F3DF9 /* BrambleCore in Frameworks */ = {isa = PBXBuildFile; productRef = EE0FD0E12D6082B6008F3DF9 /* BrambleCore */; };
		EE729CAF2D6073C600121010 /* BrambleCore in Frameworks */ = {isa = PBXBuildFile; productRef = EE729CAE2D6073C600121010 /* BrambleCore */; };
/* End PBXBuildFile section */

/* Begin PBXContainerItemProxy section */
		EE729C4F2D605BB900121010 /* PBXContainerItemProxy */ = {
			isa = PBXContainerItemProxy;
			containerPortal = EE186A822D60546300D8134E /* Project object */;
			proxyType = 1;
			remoteGlobalIDString = EE186A892D60546300D8134E;
			remoteInfo = "Bramble-macOS";
		};
		EE729C682D605E8900121010 /* PBXContainerItemProxy */ = {
			isa = PBXContainerItemProxy;
			containerPortal = EE186A822D60546300D8134E /* Project object */;
			proxyType = 1;
			remoteGlobalIDString = EE729C572D605E8800121010;
			remoteInfo = "Bramble-iPadOS";
		};
/* End PBXContainerItemProxy section */

/* Begin PBXFileReference section */
		EE186A8A2D60546300D8134E /* Bramble-macOS.app */ = {isa = PBXFileReference; explicitFileType = wrapper.application; includeInIndex = 0; path = "Bramble-macOS.app"; sourceTree = BUILT_PRODUCTS_DIR; };
		EE729C4B2D605BB900121010 /* Bramble-macOSTests.xctest */ = {isa = PBXFileReference; explicitFileType = wrapper.cfbundle; includeInIndex = 0; path = "Bramble-macOSTests.xctest"; sourceTree = BUILT_PRODUCTS_DIR; };
		EE729C582D605E8800121010 /* Bramble-iPadOS.app */ = {isa = PBXFileReference; explicitFileType = wrapper.application; includeInIndex = 0; path = "Bramble-iPadOS.app"; sourceTree = BUILT_PRODUCTS_DIR; };
		EE729C672D605E8900121010 /* Bramble-iPadOSTests.xctest */ = {isa = PBXFileReference; explicitFileType = wrapper.cfbundle; includeInIndex = 0; path = "Bramble-iPadOSTests.xctest"; sourceTree = BUILT_PRODUCTS_DIR; };
		EE729C862D6063A200121010 /* Bramble-macOS.xctestplan */ = {isa = PBXFileReference; lastKnownFileType = text; name = "Bramble-macOS.xctestplan"; path = "Test Plans/Bramble-macOS.xctestplan"; sourceTree = "<group>"; };
		EE729CAC2D6065B900121010 /* .gitignore */ = {isa = PBXFileReference; lastKnownFileType = text; path = .gitignore; sourceTree = "<group>"; };
/* End PBXFileReference section */

/* Begin PBXFileSystemSynchronizedBuildFileExceptionSet section */
		EE729C842D6060DB00121010 /* Exceptions for "BrambleTests" folder in "Bramble-macOSTests" target */ = {
			isa = PBXFileSystemSynchronizedBuildFileExceptionSet;
			membershipExceptions = (
				BrambleTests.swift,
			);
			target = EE729C4A2D605BB900121010 /* Bramble-macOSTests */;
		};
		EE729C852D6060DB00121010 /* Exceptions for "BrambleTests" folder in "Bramble-iPadOSTests" target */ = {
			isa = PBXFileSystemSynchronizedBuildFileExceptionSet;
			membershipExceptions = (
				BrambleTests.swift,
			);
			target = EE729C662D605E8900121010 /* Bramble-iPadOSTests */;
		};
		EEF7C42C2D61DBFE00A1B34B /* Exceptions for "SharedUI" folder in "Bramble-macOS" target */ = {
			isa = PBXFileSystemSynchronizedBuildFileExceptionSet;
			membershipExceptions = (
				Colors.xcassets,
				ColorScheme.swift,
			);
			target = EE186A892D60546300D8134E /* Bramble-macOS */;
		};
		EEF7C42D2D61DBFE00A1B34B /* Exceptions for "SharedUI" folder in "Bramble-iPadOS" target */ = {
			isa = PBXFileSystemSynchronizedBuildFileExceptionSet;
			membershipExceptions = (
				Colors.xcassets,
				ColorScheme.swift,
			);
			target = EE729C572D605E8800121010 /* Bramble-iPadOS */;
		};
/* End PBXFileSystemSynchronizedBuildFileExceptionSet section */

/* Begin PBXFileSystemSynchronizedRootGroup section */
		EE186A8C2D60546300D8134E /* Bramble-macOS */ = {
			isa = PBXFileSystemSynchronizedRootGroup;
			path = "Bramble-macOS";
			sourceTree = "<group>";
		};
		EE186A9E2D60546400D8134E /* BrambleTests */ = {
			isa = PBXFileSystemSynchronizedRootGroup;
			exceptions = (
				EE729C842D6060DB00121010 /* Exceptions for "BrambleTests" folder in "Bramble-macOSTests" target */,
				EE729C852D6060DB00121010 /* Exceptions for "BrambleTests" folder in "Bramble-iPadOSTests" target */,
			);
			path = BrambleTests;
			sourceTree = "<group>";
		};
		EE729C4C2D605BB900121010 /* Bramble-macOSTests */ = {
			isa = PBXFileSystemSynchronizedRootGroup;
			path = "Bramble-macOSTests";
			sourceTree = "<group>";
		};
		EE729C592D605E8800121010 /* Bramble-iPadOS */ = {
			isa = PBXFileSystemSynchronizedRootGroup;
			path = "Bramble-iPadOS";
			sourceTree = "<group>";
		};
		EE729C6A2D605E8900121010 /* Bramble-iPadOSTests */ = {
			isa = PBXFileSystemSynchronizedRootGroup;
			path = "Bramble-iPadOSTests";
			sourceTree = "<group>";
		};
		EEF7C4282D61DBC600A1B34B /* SharedUI */ = {
			isa = PBXFileSystemSynchronizedRootGroup;
			exceptions = (
				EEF7C42C2D61DBFE00A1B34B /* Exceptions for "SharedUI" folder in "Bramble-macOS" target */,
				EEF7C42D2D61DBFE00A1B34B /* Exceptions for "SharedUI" folder in "Bramble-iPadOS" target */,
			);
			path = SharedUI;
			sourceTree = "<group>";
		};
/* End PBXFileSystemSynchronizedRootGroup section */

/* Begin PBXFrameworksBuildPhase section */
		EE186A872D60546300D8134E /* Frameworks */ = {
			isa = PBXFrameworksBuildPhase;
			buildActionMask = 2147483647;
			files = (
				EE729CAF2D6073C600121010 /* BrambleCore in Frameworks */,
				EE0FD0E22D6082B6008F3DF9 /* BrambleCore in Frameworks */,
			);
			runOnlyForDeploymentPostprocessing = 0;
		};
		EE729C482D605BB900121010 /* Frameworks */ = {
			isa = PBXFrameworksBuildPhase;
			buildActionMask = 2147483647;
			files = (
			);
			runOnlyForDeploymentPostprocessing = 0;
		};
		EE729C552D605E8800121010 /* Frameworks */ = {
			isa = PBXFrameworksBuildPhase;
			buildActionMask = 2147483647;
			files = (
			);
			runOnlyForDeploymentPostprocessing = 0;
		};
		EE729C642D605E8900121010 /* Frameworks */ = {
			isa = PBXFrameworksBuildPhase;
			buildActionMask = 2147483647;
			files = (
			);
			runOnlyForDeploymentPostprocessing = 0;
		};
/* End PBXFrameworksBuildPhase section */

/* Begin PBXGroup section */
		EE0FD0C22D607D21008F3DF9 /* Frameworks */ = {
			isa = PBXGroup;
			children = (
			);
			name = Frameworks;
			sourceTree = "<group>";
		};
		EE186A812D60546300D8134E = {
			isa = PBXGroup;
			children = (
				EEF7C4282D61DBC600A1B34B /* SharedUI */,
				EE729CAC2D6065B900121010 /* .gitignore */,
				EE729C862D6063A200121010 /* Bramble-macOS.xctestplan */,
				EE186A8C2D60546300D8134E /* Bramble-macOS */,
				EE729C592D605E8800121010 /* Bramble-iPadOS */,
				EE186A9E2D60546400D8134E /* BrambleTests */,
				EE729C4C2D605BB900121010 /* Bramble-macOSTests */,
				EE729C6A2D605E8900121010 /* Bramble-iPadOSTests */,
				EE0FD0C22D607D21008F3DF9 /* Frameworks */,
				EE186A8B2D60546300D8134E /* Products */,
			);
			sourceTree = "<group>";
		};
		EE186A8B2D60546300D8134E /* Products */ = {
			isa = PBXGroup;
			children = (
				EE186A8A2D60546300D8134E /* Bramble-macOS.app */,
				EE729C4B2D605BB900121010 /* Bramble-macOSTests.xctest */,
				EE729C582D605E8800121010 /* Bramble-iPadOS.app */,
				EE729C672D605E8900121010 /* Bramble-iPadOSTests.xctest */,
			);
			name = Products;
			sourceTree = "<group>";
		};
/* End PBXGroup section */

/* Begin PBXNativeTarget section */
		EE186A892D60546300D8134E /* Bramble-macOS */ = {
			isa = PBXNativeTarget;
			buildConfigurationList = EE186AAF2D60546400D8134E /* Build configuration list for PBXNativeTarget "Bramble-macOS" */;
			buildPhases = (
				EE186A862D60546300D8134E /* Sources */,
				EE186A872D60546300D8134E /* Frameworks */,
				EE186A882D60546300D8134E /* Resources */,
			);
			buildRules = (
			);
			dependencies = (
			);
			fileSystemSynchronizedGroups = (
				EE186A8C2D60546300D8134E /* Bramble-macOS */,
			);
			name = "Bramble-macOS";
			packageProductDependencies = (
				EE729CAE2D6073C600121010 /* BrambleCore */,
				EE0FD0E12D6082B6008F3DF9 /* BrambleCore */,
			);
			productName = Bramble;
			productReference = EE186A8A2D60546300D8134E /* Bramble-macOS.app */;
			productType = "com.apple.product-type.application";
		};
		EE729C4A2D605BB900121010 /* Bramble-macOSTests */ = {
			isa = PBXNativeTarget;
			buildConfigurationList = EE729C512D605BB900121010 /* Build configuration list for PBXNativeTarget "Bramble-macOSTests" */;
			buildPhases = (
				EE729C472D605BB900121010 /* Sources */,
				EE729C482D605BB900121010 /* Frameworks */,
				EE729C492D605BB900121010 /* Resources */,
			);
			buildRules = (
			);
			dependencies = (
				EE729C502D605BB900121010 /* PBXTargetDependency */,
			);
			fileSystemSynchronizedGroups = (
				EE729C4C2D605BB900121010 /* Bramble-macOSTests */,
			);
			name = "Bramble-macOSTests";
			packageProductDependencies = (
			);
			productName = "Bramble-macOSTests";
			productReference = EE729C4B2D605BB900121010 /* Bramble-macOSTests.xctest */;
			productType = "com.apple.product-type.bundle.unit-test";
		};
		EE729C572D605E8800121010 /* Bramble-iPadOS */ = {
			isa = PBXNativeTarget;
			buildConfigurationList = EE729C792D605E8A00121010 /* Build configuration list for PBXNativeTarget "Bramble-iPadOS" */;
			buildPhases = (
				EE729C542D605E8800121010 /* Sources */,
				EE729C552D605E8800121010 /* Frameworks */,
				EE729C562D605E8800121010 /* Resources */,
			);
			buildRules = (
			);
			dependencies = (
			);
			fileSystemSynchronizedGroups = (
				EE729C592D605E8800121010 /* Bramble-iPadOS */,
			);
			name = "Bramble-iPadOS";
			packageProductDependencies = (
			);
			productName = "Bramble-iPadOS";
			productReference = EE729C582D605E8800121010 /* Bramble-iPadOS.app */;
			productType = "com.apple.product-type.application";
		};
		EE729C662D605E8900121010 /* Bramble-iPadOSTests */ = {
			isa = PBXNativeTarget;
			buildConfigurationList = EE729C7C2D605E8A00121010 /* Build configuration list for PBXNativeTarget "Bramble-iPadOSTests" */;
			buildPhases = (
				EE729C632D605E8900121010 /* Sources */,
				EE729C642D605E8900121010 /* Frameworks */,
				EE729C652D605E8900121010 /* Resources */,
			);
			buildRules = (
			);
			dependencies = (
				EE729C692D605E8900121010 /* PBXTargetDependency */,
			);
			fileSystemSynchronizedGroups = (
				EE729C6A2D605E8900121010 /* Bramble-iPadOSTests */,
			);
			name = "Bramble-iPadOSTests";
			packageProductDependencies = (
			);
			productName = "Bramble-iPadOSTests";
			productReference = EE729C672D605E8900121010 /* Bramble-iPadOSTests.xctest */;
			productType = "com.apple.product-type.bundle.unit-test";
		};
/* End PBXNativeTarget section */

/* Begin PBXProject section */
		EE186A822D60546300D8134E /* Project object */ = {
			isa = PBXProject;
			attributes = {
				BuildIndependentTargetsInParallel = 1;
				LastSwiftUpdateCheck = 1620;
				LastUpgradeCheck = 1620;
				TargetAttributes = {
					EE186A892D60546300D8134E = {
						CreatedOnToolsVersion = 16.2;
					};
					EE729C4A2D605BB900121010 = {
						CreatedOnToolsVersion = 16.2;
						TestTargetID = EE186A892D60546300D8134E;
					};
					EE729C572D605E8800121010 = {
						CreatedOnToolsVersion = 16.2;
					};
					EE729C662D605E8900121010 = {
						CreatedOnToolsVersion = 16.2;
						TestTargetID = EE729C572D605E8800121010;
					};
				};
			};
			buildConfigurationList = EE186A852D60546300D8134E /* Build configuration list for PBXProject "Bramble" */;
			developmentRegion = en;
			hasScannedForEncodings = 0;
			knownRegions = (
				en,
				Base,
			);
			mainGroup = EE186A812D60546300D8134E;
			minimizedProjectReferenceProxies = 1;
			packageReferences = (
				EE0FD0E02D6082B6008F3DF9 /* XCLocalSwiftPackageReference "Libraries/BrambleCore" */,
			);
			preferredProjectObjectVersion = 77;
			productRefGroup = EE186A8B2D60546300D8134E /* Products */;
			projectDirPath = "";
			projectRoot = "";
			targets = (
				EE186A892D60546300D8134E /* Bramble-macOS */,
				EE729C4A2D605BB900121010 /* Bramble-macOSTests */,
				EE729C572D605E8800121010 /* Bramble-iPadOS */,
				EE729C662D605E8900121010 /* Bramble-iPadOSTests */,
			);
		};
/* End PBXProject section */

/* Begin PBXResourcesBuildPhase section */
		EE186A882D60546300D8134E /* Resources */ = {
			isa = PBXResourcesBuildPhase;
			buildActionMask = 2147483647;
			files = (
			);
			runOnlyForDeploymentPostprocessing = 0;
		};
		EE729C492D605BB900121010 /* Resources */ = {
			isa = PBXResourcesBuildPhase;
			buildActionMask = 2147483647;
			files = (
			);
			runOnlyForDeploymentPostprocessing = 0;
		};
		EE729C562D605E8800121010 /* Resources */ = {
			isa = PBXResourcesBuildPhase;
			buildActionMask = 2147483647;
			files = (
			);
			runOnlyForDeploymentPostprocessing = 0;
		};
		EE729C652D605E8900121010 /* Resources */ = {
			isa = PBXResourcesBuildPhase;
			buildActionMask = 2147483647;
			files = (
			);
			runOnlyForDeploymentPostprocessing = 0;
		};
/* End PBXResourcesBuildPhase section */

/* Begin PBXSourcesBuildPhase section */
		EE186A862D60546300D8134E /* Sources */ = {
			isa = PBXSourcesBuildPhase;
			buildActionMask = 2147483647;
			files = (
			);
			runOnlyForDeploymentPostprocessing = 0;
		};
		EE729C472D605BB900121010 /* Sources */ = {
			isa = PBXSourcesBuildPhase;
			buildActionMask = 2147483647;
			files = (
			);
			runOnlyForDeploymentPostprocessing = 0;
		};
		EE729C542D605E8800121010 /* Sources */ = {
			isa = PBXSourcesBuildPhase;
			buildActionMask = 2147483647;
			files = (
			);
			runOnlyForDeploymentPostprocessing = 0;
		};
		EE729C632D605E8900121010 /* Sources */ = {
			isa = PBXSourcesBuildPhase;
			buildActionMask = 2147483647;
			files = (
			);
			runOnlyForDeploymentPostprocessing = 0;
		};
/* End PBXSourcesBuildPhase section */

/* Begin PBXTargetDependency section */
		EE729C502D605BB900121010 /* PBXTargetDependency */ = {
			isa = PBXTargetDependency;
			target = EE186A892D60546300D8134E /* Bramble-macOS */;
			targetProxy = EE729C4F2D605BB900121010 /* PBXContainerItemProxy */;
		};
		EE729C692D605E8900121010 /* PBXTargetDependency */ = {
			isa = PBXTargetDependency;
			target = EE729C572D605E8800121010 /* Bramble-iPadOS */;
			targetProxy = EE729C682D605E8900121010 /* PBXContainerItemProxy */;
		};
/* End PBXTargetDependency section */

/* Begin XCBuildConfiguration section */
		EE186AAD2D60546400D8134E /* Debug */ = {
			isa = XCBuildConfiguration;
			buildSettings = {
				ALWAYS_SEARCH_USER_PATHS = NO;
				ASSETCATALOG_COMPILER_GENERATE_SWIFT_ASSET_SYMBOL_EXTENSIONS = YES;
				CLANG_ANALYZER_NONNULL = YES;
				CLANG_ANALYZER_NUMBER_OBJECT_CONVERSION = YES_AGGRESSIVE;
				CLANG_CXX_LANGUAGE_STANDARD = "gnu++20";
				CLANG_ENABLE_MODULES = YES;
				CLANG_ENABLE_OBJC_ARC = YES;
				CLANG_ENABLE_OBJC_WEAK = YES;
				CLANG_WARN_BLOCK_CAPTURE_AUTORELEASING = YES;
				CLANG_WARN_BOOL_CONVERSION = YES;
				CLANG_WARN_COMMA = YES;
				CLANG_WARN_CONSTANT_CONVERSION = YES;
				CLANG_WARN_DEPRECATED_OBJC_IMPLEMENTATIONS = YES;
				CLANG_WARN_DIRECT_OBJC_ISA_USAGE = YES_ERROR;
				CLANG_WARN_DOCUMENTATION_COMMENTS = YES;
				CLANG_WARN_EMPTY_BODY = YES;
				CLANG_WARN_ENUM_CONVERSION = YES;
				CLANG_WARN_INFINITE_RECURSION = YES;
				CLANG_WARN_INT_CONVERSION = YES;
				CLANG_WARN_NON_LITERAL_NULL_CONVERSION = YES;
				CLANG_WARN_OBJC_IMPLICIT_RETAIN_SELF = YES;
				CLANG_WARN_OBJC_LITERAL_CONVERSION = YES;
				CLANG_WARN_OBJC_ROOT_CLASS = YES_ERROR;
				CLANG_WARN_QUOTED_INCLUDE_IN_FRAMEWORK_HEADER = YES;
				CLANG_WARN_RANGE_LOOP_ANALYSIS = YES;
				CLANG_WARN_STRICT_PROTOTYPES = YES;
				CLANG_WARN_SUSPICIOUS_MOVE = YES;
				CLANG_WARN_UNGUARDED_AVAILABILITY = YES_AGGRESSIVE;
				CLANG_WARN_UNREACHABLE_CODE = YES;
				CLANG_WARN__DUPLICATE_METHOD_MATCH = YES;
				COPY_PHASE_STRIP = NO;
				DEBUG_INFORMATION_FORMAT = dwarf;
				ENABLE_STRICT_OBJC_MSGSEND = YES;
				ENABLE_TESTABILITY = YES;
				ENABLE_USER_SCRIPT_SANDBOXING = YES;
				GCC_C_LANGUAGE_STANDARD = gnu17;
				GCC_DYNAMIC_NO_PIC = NO;
				GCC_NO_COMMON_BLOCKS = YES;
				GCC_OPTIMIZATION_LEVEL = 0;
				GCC_PREPROCESSOR_DEFINITIONS = (
					"DEBUG=1",
					"$(inherited)",
				);
				GCC_WARN_64_TO_32_BIT_CONVERSION = YES;
				GCC_WARN_ABOUT_RETURN_TYPE = YES_ERROR;
				GCC_WARN_UNDECLARED_SELECTOR = YES;
				GCC_WARN_UNINITIALIZED_AUTOS = YES_AGGRESSIVE;
				GCC_WARN_UNUSED_FUNCTION = YES;
				GCC_WARN_UNUSED_VARIABLE = YES;
				LOCALIZATION_PREFERS_STRING_CATALOGS = YES;
				MACOSX_DEPLOYMENT_TARGET = 15.2;
				MTL_ENABLE_DEBUG_INFO = INCLUDE_SOURCE;
				MTL_FAST_MATH = YES;
				ONLY_ACTIVE_ARCH = YES;
				SDKROOT = macosx;
				SWIFT_ACTIVE_COMPILATION_CONDITIONS = "DEBUG $(inherited)";
				SWIFT_OPTIMIZATION_LEVEL = "-Onone";
			};
			name = Debug;
		};
		EE186AAE2D60546400D8134E /* Release */ = {
			isa = XCBuildConfiguration;
			buildSettings = {
				ALWAYS_SEARCH_USER_PATHS = NO;
				ASSETCATALOG_COMPILER_GENERATE_SWIFT_ASSET_SYMBOL_EXTENSIONS = YES;
				CLANG_ANALYZER_NONNULL = YES;
				CLANG_ANALYZER_NUMBER_OBJECT_CONVERSION = YES_AGGRESSIVE;
				CLANG_CXX_LANGUAGE_STANDARD = "gnu++20";
				CLANG_ENABLE_MODULES = YES;
				CLANG_ENABLE_OBJC_ARC = YES;
				CLANG_ENABLE_OBJC_WEAK = YES;
				CLANG_WARN_BLOCK_CAPTURE_AUTORELEASING = YES;
				CLANG_WARN_BOOL_CONVERSION = YES;
				CLANG_WARN_COMMA = YES;
				CLANG_WARN_CONSTANT_CONVERSION = YES;
				CLANG_WARN_DEPRECATED_OBJC_IMPLEMENTATIONS = YES;
				CLANG_WARN_DIRECT_OBJC_ISA_USAGE = YES_ERROR;
				CLANG_WARN_DOCUMENTATION_COMMENTS = YES;
				CLANG_WARN_EMPTY_BODY = YES;
				CLANG_WARN_ENUM_CONVERSION = YES;
				CLANG_WARN_INFINITE_RECURSION = YES;
				CLANG_WARN_INT_CONVERSION = YES;
				CLANG_WARN_NON_LITERAL_NULL_CONVERSION = YES;
				CLANG_WARN_OBJC_IMPLICIT_RETAIN_SELF = YES;
				CLANG_WARN_OBJC_LITERAL_CONVERSION = YES;
				CLANG_WARN_OBJC_ROOT_CLASS = YES_ERROR;
				CLANG_WARN_QUOTED_INCLUDE_IN_FRAMEWORK_HEADER = YES;
				CLANG_WARN_RANGE_LOOP_ANALYSIS = YES;
				CLANG_WARN_STRICT_PROTOTYPES = YES;
				CLANG_WARN_SUSPICIOUS_MOVE = YES;
				CLANG_WARN_UNGUARDED_AVAILABILITY = YES_AGGRESSIVE;
				CLANG_WARN_UNREACHABLE_CODE = YES;
				CLANG_WARN__DUPLICATE_METHOD_MATCH = YES;
				COPY_PHASE_STRIP = NO;
				DEBUG_INFORMATION_FORMAT = "dwarf-with-dsym";
				ENABLE_NS_ASSERTIONS = NO;
				ENABLE_STRICT_OBJC_MSGSEND = YES;
				ENABLE_USER_SCRIPT_SANDBOXING = YES;
				GCC_C_LANGUAGE_STANDARD = gnu17;
				GCC_NO_COMMON_BLOCKS = YES;
				GCC_WARN_64_TO_32_BIT_CONVERSION = YES;
				GCC_WARN_ABOUT_RETURN_TYPE = YES_ERROR;
				GCC_WARN_UNDECLARED_SELECTOR = YES;
				GCC_WARN_UNINITIALIZED_AUTOS = YES_AGGRESSIVE;
				GCC_WARN_UNUSED_FUNCTION = YES;
				GCC_WARN_UNUSED_VARIABLE = YES;
				LOCALIZATION_PREFERS_STRING_CATALOGS = YES;
				MACOSX_DEPLOYMENT_TARGET = 15.2;
				MTL_ENABLE_DEBUG_INFO = NO;
				MTL_FAST_MATH = YES;
				SDKROOT = macosx;
				SWIFT_COMPILATION_MODE = wholemodule;
			};
			name = Release;
		};
		EE186AB02D60546400D8134E /* Debug */ = {
			isa = XCBuildConfiguration;
			buildSettings = {
				ASSETCATALOG_COMPILER_APPICON_NAME = AppIcon;
				ASSETCATALOG_COMPILER_GLOBAL_ACCENT_COLOR_NAME = AccentColor;
				CODE_SIGN_ENTITLEMENTS = "Bramble-macOS/Bramble.entitlements";
				CODE_SIGN_STYLE = Automatic;
				COMBINE_HIDPI_IMAGES = YES;
				CURRENT_PROJECT_VERSION = 1;
				DEVELOPMENT_ASSET_PATHS = "\"Bramble-macOS/Preview Content\"";
				DEVELOPMENT_TEAM = Q4783BNZ95;
				ENABLE_HARDENED_RUNTIME = YES;
				ENABLE_PREVIEWS = YES;
				GENERATE_INFOPLIST_FILE = YES;
				INFOPLIST_KEY_NSHumanReadableCopyright = "";
				LD_RUNPATH_SEARCH_PATHS = (
					"$(inherited)",
					"@executable_path/../Frameworks",
				);
				MARKETING_VERSION = 1.0;
				PRODUCT_BUNDLE_IDENTIFIER = com.cafecoder.Bramble;
				PRODUCT_NAME = "$(TARGET_NAME)";
				SWIFT_EMIT_LOC_STRINGS = YES;
				SWIFT_VERSION = 6.0;
			};
			name = Debug;
		};
		EE186AB12D60546400D8134E /* Release */ = {
			isa = XCBuildConfiguration;
			buildSettings = {
				ASSETCATALOG_COMPILER_APPICON_NAME = AppIcon;
				ASSETCATALOG_COMPILER_GLOBAL_ACCENT_COLOR_NAME = AccentColor;
				CODE_SIGN_ENTITLEMENTS = "Bramble-macOS/Bramble.entitlements";
				CODE_SIGN_STYLE = Automatic;
				COMBINE_HIDPI_IMAGES = YES;
				CURRENT_PROJECT_VERSION = 1;
				DEVELOPMENT_ASSET_PATHS = "\"Bramble-macOS/Preview Content\"";
				DEVELOPMENT_TEAM = Q4783BNZ95;
				ENABLE_HARDENED_RUNTIME = YES;
				ENABLE_PREVIEWS = YES;
				GENERATE_INFOPLIST_FILE = YES;
				INFOPLIST_KEY_NSHumanReadableCopyright = "";
				LD_RUNPATH_SEARCH_PATHS = (
					"$(inherited)",
					"@executable_path/../Frameworks",
				);
				MARKETING_VERSION = 1.0;
				PRODUCT_BUNDLE_IDENTIFIER = com.cafecoder.Bramble;
				PRODUCT_NAME = "$(TARGET_NAME)";
				SWIFT_EMIT_LOC_STRINGS = YES;
				SWIFT_VERSION = 6.0;
			};
			name = Release;
		};
		EE729C522D605BB900121010 /* Debug */ = {
			isa = XCBuildConfiguration;
			buildSettings = {
				BUNDLE_LOADER = "$(TEST_HOST)";
				CODE_SIGN_STYLE = Automatic;
				CURRENT_PROJECT_VERSION = 1;
				DEVELOPMENT_TEAM = Q4783BNZ95;
				GENERATE_INFOPLIST_FILE = YES;
				MARKETING_VERSION = 1.0;
				PRODUCT_BUNDLE_IDENTIFIER = "com.cafecoder.Bramble-macOSTests";
				PRODUCT_NAME = "$(TARGET_NAME)";
				SWIFT_EMIT_LOC_STRINGS = NO;
				SWIFT_VERSION = 5.0;
				TEST_HOST = "$(BUILT_PRODUCTS_DIR)/Bramble-macOS.app/$(BUNDLE_EXECUTABLE_FOLDER_PATH)/Bramble-macOS";
			};
			name = Debug;
		};
		EE729C532D605BB900121010 /* Release */ = {
			isa = XCBuildConfiguration;
			buildSettings = {
				BUNDLE_LOADER = "$(TEST_HOST)";
				CODE_SIGN_STYLE = Automatic;
				CURRENT_PROJECT_VERSION = 1;
				DEVELOPMENT_TEAM = Q4783BNZ95;
				GENERATE_INFOPLIST_FILE = YES;
				MARKETING_VERSION = 1.0;
				PRODUCT_BUNDLE_IDENTIFIER = "com.cafecoder.Bramble-macOSTests";
				PRODUCT_NAME = "$(TARGET_NAME)";
				SWIFT_EMIT_LOC_STRINGS = NO;
				SWIFT_VERSION = 5.0;
				TEST_HOST = "$(BUILT_PRODUCTS_DIR)/Bramble-macOS.app/$(BUNDLE_EXECUTABLE_FOLDER_PATH)/Bramble-macOS";
			};
			name = Release;
		};
		EE729C7A2D605E8A00121010 /* Debug */ = {
			isa = XCBuildConfiguration;
			buildSettings = {
				ASSETCATALOG_COMPILER_APPICON_NAME = AppIcon;
				ASSETCATALOG_COMPILER_GLOBAL_ACCENT_COLOR_NAME = AccentColor;
				CODE_SIGN_STYLE = Automatic;
				CURRENT_PROJECT_VERSION = 1;
				DEVELOPMENT_ASSET_PATHS = "\"Bramble-iPadOS/Preview Content\"";
				DEVELOPMENT_TEAM = Q4783BNZ95;
				ENABLE_PREVIEWS = YES;
				GENERATE_INFOPLIST_FILE = YES;
				INFOPLIST_KEY_UIApplicationSceneManifest_Generation = YES;
				INFOPLIST_KEY_UIApplicationSupportsIndirectInputEvents = YES;
				INFOPLIST_KEY_UILaunchScreen_Generation = YES;
				INFOPLIST_KEY_UISupportedInterfaceOrientations_iPad = "UIInterfaceOrientationPortrait UIInterfaceOrientationPortraitUpsideDown UIInterfaceOrientationLandscapeLeft UIInterfaceOrientationLandscapeRight";
				INFOPLIST_KEY_UISupportedInterfaceOrientations_iPhone = "UIInterfaceOrientationPortrait UIInterfaceOrientationLandscapeLeft UIInterfaceOrientationLandscapeRight";
				IPHONEOS_DEPLOYMENT_TARGET = 18.2;
				LD_RUNPATH_SEARCH_PATHS = (
					"$(inherited)",
					"@executable_path/Frameworks",
				);
				MARKETING_VERSION = 1.0;
				PRODUCT_BUNDLE_IDENTIFIER = "com.cafecoder.Bramble-iPadOS";
				PRODUCT_NAME = "$(TARGET_NAME)";
				SDKROOT = iphoneos;
				SWIFT_EMIT_LOC_STRINGS = YES;
				SWIFT_VERSION = 5.0;
				TARGETED_DEVICE_FAMILY = "1,2";
			};
			name = Debug;
		};
		EE729C7B2D605E8A00121010 /* Release */ = {
			isa = XCBuildConfiguration;
			buildSettings = {
				ASSETCATALOG_COMPILER_APPICON_NAME = AppIcon;
				ASSETCATALOG_COMPILER_GLOBAL_ACCENT_COLOR_NAME = AccentColor;
				CODE_SIGN_STYLE = Automatic;
				CURRENT_PROJECT_VERSION = 1;
				DEVELOPMENT_ASSET_PATHS = "\"Bramble-iPadOS/Preview Content\"";
				DEVELOPMENT_TEAM = Q4783BNZ95;
				ENABLE_PREVIEWS = YES;
				GENERATE_INFOPLIST_FILE = YES;
				INFOPLIST_KEY_UIApplicationSceneManifest_Generation = YES;
				INFOPLIST_KEY_UIApplicationSupportsIndirectInputEvents = YES;
				INFOPLIST_KEY_UILaunchScreen_Generation = YES;
				INFOPLIST_KEY_UISupportedInterfaceOrientations_iPad = "UIInterfaceOrientationPortrait UIInterfaceOrientationPortraitUpsideDown UIInterfaceOrientationLandscapeLeft UIInterfaceOrientationLandscapeRight";
				INFOPLIST_KEY_UISupportedInterfaceOrientations_iPhone = "UIInterfaceOrientationPortrait UIInterfaceOrientationLandscapeLeft UIInterfaceOrientationLandscapeRight";
				IPHONEOS_DEPLOYMENT_TARGET = 18.2;
				LD_RUNPATH_SEARCH_PATHS = (
					"$(inherited)",
					"@executable_path/Frameworks",
				);
				MARKETING_VERSION = 1.0;
				PRODUCT_BUNDLE_IDENTIFIER = "com.cafecoder.Bramble-iPadOS";
				PRODUCT_NAME = "$(TARGET_NAME)";
				SDKROOT = iphoneos;
				SWIFT_EMIT_LOC_STRINGS = YES;
				SWIFT_VERSION = 5.0;
				TARGETED_DEVICE_FAMILY = "1,2";
				VALIDATE_PRODUCT = YES;
			};
			name = Release;
		};
		EE729C7D2D605E8A00121010 /* Debug */ = {
			isa = XCBuildConfiguration;
			buildSettings = {
				BUNDLE_LOADER = "$(TEST_HOST)";
				CODE_SIGN_STYLE = Automatic;
				CURRENT_PROJECT_VERSION = 1;
				DEVELOPMENT_TEAM = Q4783BNZ95;
				GENERATE_INFOPLIST_FILE = YES;
				IPHONEOS_DEPLOYMENT_TARGET = 18.2;
				MARKETING_VERSION = 1.0;
				PRODUCT_BUNDLE_IDENTIFIER = "com.cafecoder.Bramble-iPadOSTests";
				PRODUCT_NAME = "$(TARGET_NAME)";
				SDKROOT = iphoneos;
				SWIFT_EMIT_LOC_STRINGS = NO;
				SWIFT_VERSION = 5.0;
				TARGETED_DEVICE_FAMILY = "1,2";
				TEST_HOST = "$(BUILT_PRODUCTS_DIR)/Bramble-iPadOS.app/$(BUNDLE_EXECUTABLE_FOLDER_PATH)/Bramble-iPadOS";
			};
			name = Debug;
		};
		EE729C7E2D605E8A00121010 /* Release */ = {
			isa = XCBuildConfiguration;
			buildSettings = {
				BUNDLE_LOADER = "$(TEST_HOST)";
				CODE_SIGN_STYLE = Automatic;
				CURRENT_PROJECT_VERSION = 1;
				DEVELOPMENT_TEAM = Q4783BNZ95;
				GENERATE_INFOPLIST_FILE = YES;
				IPHONEOS_DEPLOYMENT_TARGET = 18.2;
				MARKETING_VERSION = 1.0;
				PRODUCT_BUNDLE_IDENTIFIER = "com.cafecoder.Bramble-iPadOSTests";
				PRODUCT_NAME = "$(TARGET_NAME)";
				SDKROOT = iphoneos;
				SWIFT_EMIT_LOC_STRINGS = NO;
				SWIFT_VERSION = 5.0;
				TARGETED_DEVICE_FAMILY = "1,2";
				TEST_HOST = "$(BUILT_PRODUCTS_DIR)/Bramble-iPadOS.app/$(BUNDLE_EXECUTABLE_FOLDER_PATH)/Bramble-iPadOS";
				VALIDATE_PRODUCT = YES;
			};
			name = Release;
		};
/* End XCBuildConfiguration section */

/* Begin XCConfigurationList section */
		EE186A852D60546300D8134E /* Build configuration list for PBXProject "Bramble" */ = {
			isa = XCConfigurationList;
			buildConfigurations = (
				EE186AAD2D60546400D8134E /* Debug */,
				EE186AAE2D60546400D8134E /* Release */,
			);
			defaultConfigurationIsVisible = 0;
			defaultConfigurationName = Release;
		};
		EE186AAF2D60546400D8134E /* Build configuration list for PBXNativeTarget "Bramble-macOS" */ = {
			isa = XCConfigurationList;
			buildConfigurations = (
				EE186AB02D60546400D8134E /* Debug */,
				EE186AB12D60546400D8134E /* Release */,
			);
			defaultConfigurationIsVisible = 0;
			defaultConfigurationName = Release;
		};
		EE729C512D605BB900121010 /* Build configuration list for PBXNativeTarget "Bramble-macOSTests" */ = {
			isa = XCConfigurationList;
			buildConfigurations = (
				EE729C522D605BB900121010 /* Debug */,
				EE729C532D605BB900121010 /* Release */,
			);
			defaultConfigurationIsVisible = 0;
			defaultConfigurationName = Release;
		};
		EE729C792D605E8A00121010 /* Build configuration list for PBXNativeTarget "Bramble-iPadOS" */ = {
			isa = XCConfigurationList;
			buildConfigurations = (
				EE729C7A2D605E8A00121010 /* Debug */,
				EE729C7B2D605E8A00121010 /* Release */,
			);
			defaultConfigurationIsVisible = 0;
			defaultConfigurationName = Release;
		};
		EE729C7C2D605E8A00121010 /* Build configuration list for PBXNativeTarget "Bramble-iPadOSTests" */ = {
			isa = XCConfigurationList;
			buildConfigurations = (
				EE729C7D2D605E8A00121010 /* Debug */,
				EE729C7E2D605E8A00121010 /* Release */,
			);
			defaultConfigurationIsVisible = 0;
			defaultConfigurationName = Release;
		};
/* End XCConfigurationList section */

/* Begin XCLocalSwiftPackageReference section */
		EE0FD0E02D6082B6008F3DF9 /* XCLocalSwiftPackageReference "Libraries/BrambleCore" */ = {
			isa = XCLocalSwiftPackageReference;
			relativePath = Libraries/BrambleCore;
		};
/* End XCLocalSwiftPackageReference section */

/* Begin XCSwiftPackageProductDependency section */
		EE0FD0E12D6082B6008F3DF9 /* BrambleCore */ = {
			isa = XCSwiftPackageProductDependency;
			productName = BrambleCore;
		};
		EE729CAE2D6073C600121010 /* BrambleCore */ = {
			isa = XCSwiftPackageProductDependency;
			productName = BrambleCore;
		};
/* End XCSwiftPackageProductDependency section */
	};
	rootObject = EE186A822D60546300D8134E /* Project object */;
}
